
Microsoft Visual Studio Solution File, Format Version 12.00
# Visual Studio Version 17
VisualStudioVersion = 17.13.35825.156 d17.13
MinimumVisualStudioVersion = 10.0.40219.1
Project("{FAE04EC0-301F-11D3-BF4B-00C04F79EFBC}") = "Dominio", "Dominio\Dominio.csproj", "{32B93A01-1133-4A53-9CE6-85EC7A6B0F40}"
EndProject
Project("{FAE04EC0-301F-11D3-BF4B-00C04F79EFBC}") = "AccesoDatos", "AccesoDatos\AccesoDatos.csproj", "{2CC043BA-01D7-4918-9AB9-CDADC04F6563}"
EndProject
Project("{FAE04EC0-301F-11D3-BF4B-00C04F79EFBC}") = "Dominio.LogicaAplicacion", "Dominio.LogicaAplicacion\Dominio.LogicaAplicacion.csproj", "{9DEB2B38-2F9A-4EF9-8805-962C337E0849}"
EndProject
Project("{FAE04EC0-301F-11D3-BF4B-00C04F79EFBC}") = "DominioWebApp", "DominioWebApp\DominioWebApp.csproj", "{9F3F93F6-A30C-431F-9618-9B4425507B2A}"
EndProject
Global
	GlobalSection(SolutionConfigurationPlatforms) = preSolution
		Debug|Any CPU = Debug|Any CPU
		Release|Any CPU = Release|Any CPU
	EndGlobalSection
	GlobalSection(ProjectConfigurationPlatforms) = postSolution
		{32B93A01-1133-4A53-9CE6-85EC7A6B0F40}.Debug|Any CPU.ActiveCfg = Debug|Any CPU
		{32B93A01-1133-4A53-9CE6-85EC7A6B0F40}.Debug|Any CPU.Build.0 = Debug|Any CPU
		{32B93A01-1133-4A53-9CE6-85EC7A6B0F40}.Release|Any CPU.ActiveCfg = Release|Any CPU
		{32B93A01-1133-4A53-9CE6-85EC7A6B0F40}.Release|Any CPU.Build.0 = Release|Any CPU
		{2CC043BA-01D7-4918-9AB9-CDADC04F6563}.Debug|Any CPU.ActiveCfg = Debug|Any CPU
		{2CC043BA-01D7-4918-9AB9-CDADC04F6563}.Debug|Any CPU.Build.0 = Debug|Any CPU
		{2CC043BA-01D7-4918-9AB9-CDADC04F6563}.Release|Any CPU.ActiveCfg = Release|Any CPU
		{2CC043BA-01D7-4918-9AB9-CDADC04F6563}.Release|Any CPU.Build.0 = Release|Any CPU
		{9DEB2B38-2F9A-4EF9-8805-962C337E0849}.Debug|Any CPU.ActiveCfg = Debug|Any CPU
		{9DEB2B38-2F9A-4EF9-8805-962C337E0849}.Debug|Any CPU.Build.0 = Debug|Any CPU
		{9DEB2B38-2F9A-4EF9-8805-962C337E0849}.Release|Any CPU.ActiveCfg = Release|Any CPU
		{9DEB2B38-2F9A-4EF9-8805-962C337E0849}.Release|Any CPU.Build.0 = Release|Any CPU
		{9F3F93F6-A30C-431F-9618-9B4425507B2A}.Debug|Any CPU.ActiveCfg = Debug|Any CPU
		{9F3F93F6-A30C-431F-9618-9B4425507B2A}.Debug|Any CPU.Build.0 = Debug|Any CPU
		{9F3F93F6-A30C-431F-9618-9B4425507B2A}.Release|Any CPU.ActiveCfg = Release|Any CPU
		{9F3F93F6-A30C-431F-9618-9B4425507B2A}.Release|Any CPU.Build.0 = Release|Any CPU
	EndGlobalSection
	GlobalSection(SolutionProperties) = preSolution
		HideSolutionNode = FALSE
	EndGlobalSection
	GlobalSection(ExtensibilityGlobals) = postSolution
		SolutionGuid = {DAE8895F-3AA0-4D75-A5F2-B5550FD41CC5}
	EndGlobalSection
EndGlobal
